
Microsoft Visual Studio Solution File, Format Version 11.00
# Visual Studio 2010
Project("{FAE04EC0-301F-11D3-BF4B-00C04F79EFBC}") = "WebAPITest", "WebAPITest\WebAPITest.csproj", "{EC032B13-6B0F-4D6C-8BA6-01A1C285C1F8}"
EndProject
Global
	GlobalSection(SolutionConfigurationPlatforms) = preSolution
		Debug|Any CPU = Debug|Any CPU
		Release|Any CPU = Release|Any CPU
	EndGlobalSection
	GlobalSection(ProjectConfigurationPlatforms) = postSolution
		{EC032B13-6B0F-4D6C-8BA6-01A1C285C1F8}.Debug|Any CPU.ActiveCfg = Debug|Any CPU
		{EC032B13-6B0F-4D6C-8BA6-01A1C285C1F8}.Debug|Any CPU.Build.0 = Debug|Any CPU
		{EC032B13-6B0F-4D6C-8BA6-01A1C285C1F8}.Release|Any CPU.ActiveCfg = Release|Any CPU
		{EC032B13-6B0F-4D6C-8BA6-01A1C285C1F8}.Release|Any CPU.Build.0 = Release|Any CPU
	EndGlobalSection
	GlobalSection(SolutionProperties) = preSolution
		HideSolutionNode = FALSE
	EndGlobalSection
	GlobalSection(ExtensibilityGlobals) = postSolution
		EnterpriseLibraryConfigurationToolBinariesPath = packages\Unity.2.1.505.0\lib\NET35
	EndGlobalSection
EndGlobal
